
Microsoft Visual Studio Solution File, Format Version 12.00
# Visual Studio Version 17
VisualStudioVersion = 17.14.36623.8 d17.14
MinimumVisualStudioVersion = 10.0.40219.1
Project("{FAE04EC0-301F-11D3-BF4B-00C04F79EFBC}") = "calc", "calc.csproj", "{EED09058-35E3-4AC7-BCC5-3A52F1D2FB0E}"
EndProject
Global
	GlobalSection(SolutionConfigurationPlatforms) = preSolution
		Debug|Any CPU = Debug|Any CPU
		Release|Any CPU = Release|Any CPU
	EndGlobalSection
	GlobalSection(ProjectConfigurationPlatforms) = postSolution
		{EED09058-35E3-4AC7-BCC5-3A52F1D2FB0E}.Debug|Any CPU.ActiveCfg = Debug|Any CPU
		{EED09058-35E3-4AC7-BCC5-3A52F1D2FB0E}.Debug|Any CPU.Build.0 = Debug|Any CPU
		{EED09058-35E3-4AC7-BCC5-3A52F1D2FB0E}.Release|Any CPU.ActiveCfg = Release|Any CPU
		{EED09058-35E3-4AC7-BCC5-3A52F1D2FB0E}.Release|Any CPU.Build.0 = Release|Any CPU
	EndGlobalSection
	GlobalSection(SolutionProperties) = preSolution
		HideSolutionNode = FALSE
	EndGlobalSection
	GlobalSection(ExtensibilityGlobals) = postSolution
		SolutionGuid = {B110ABC0-73D5-44CB-9979-85311C483BDF}
	EndGlobalSection
EndGlobal
